
Microsoft Visual Studio Solution File, Format Version 12.00
# Visual Studio Version 17
VisualStudioVersion = 17.10.35013.160
MinimumVisualStudioVersion = 10.0.40219.1
Project("{9A19103F-16F7-4668-BE54-9A1E7A4F7556}") = "eDocsAPI", "eDocsAPI\eDocsAPI.csproj", "{BC6063B1-0D9A-43C7-A19F-BDEF5C54233F}"
EndProject
Project("{FAE04EC0-301F-11D3-BF4B-00C04F79EFBC}") = "API.Connections", "API.Connections\API.Connections.csproj", "{AE5523D9-2273-429F-A3DE-2FE49C008D76}"
EndProject
Global
	GlobalSection(SolutionConfigurationPlatforms) = preSolution
		Debug|Any CPU = Debug|Any CPU
		Release|Any CPU = Release|Any CPU
	EndGlobalSection
	GlobalSection(ProjectConfigurationPlatforms) = postSolution
		{BC6063B1-0D9A-43C7-A19F-BDEF5C54233F}.Debug|Any CPU.ActiveCfg = Debug|Any CPU
		{BC6063B1-0D9A-43C7-A19F-BDEF5C54233F}.Debug|Any CPU.Build.0 = Debug|Any CPU
		{BC6063B1-0D9A-43C7-A19F-BDEF5C54233F}.Release|Any CPU.ActiveCfg = Release|Any CPU
		{BC6063B1-0D9A-43C7-A19F-BDEF5C54233F}.Release|Any CPU.Build.0 = Release|Any CPU
		{AE5523D9-2273-429F-A3DE-2FE49C008D76}.Debug|Any CPU.ActiveCfg = Debug|Any CPU
		{AE5523D9-2273-429F-A3DE-2FE49C008D76}.Debug|Any CPU.Build.0 = Debug|Any CPU
		{AE5523D9-2273-429F-A3DE-2FE49C008D76}.Release|Any CPU.ActiveCfg = Release|Any CPU
		{AE5523D9-2273-429F-A3DE-2FE49C008D76}.Release|Any CPU.Build.0 = Release|Any CPU
	EndGlobalSection
	GlobalSection(SolutionProperties) = preSolution
		HideSolutionNode = FALSE
	EndGlobalSection
	GlobalSection(ExtensibilityGlobals) = postSolution
		SolutionGuid = {D617DA57-A60A-4E1E-B1C5-42E1713EE7BC}
	EndGlobalSection
EndGlobal
